
Microsoft Visual Studio Solution File, Format Version 11.00
# Visual Studio 2010
Project("{FAE04EC0-301F-11D3-BF4B-00C04F79EFBC}") = "Web", "Web\Web.csproj", "{6E096C9D-314B-4DC3-ABC2-F65D7FAF4499}"
EndProject
Project("{FAE04EC0-301F-11D3-BF4B-00C04F79EFBC}") = "Logic", "Logic\Logic.csproj", "{F376368F-E8C3-448A-A998-DB36DAE8CF73}"
EndProject
Global
	GlobalSection(SolutionConfigurationPlatforms) = preSolution
		Debug|Any CPU = Debug|Any CPU
		Release|Any CPU = Release|Any CPU
	EndGlobalSection
	GlobalSection(ProjectConfigurationPlatforms) = postSolution
		{6E096C9D-314B-4DC3-ABC2-F65D7FAF4499}.Debug|Any CPU.ActiveCfg = Debug|Any CPU
		{6E096C9D-314B-4DC3-ABC2-F65D7FAF4499}.Debug|Any CPU.Build.0 = Debug|Any CPU
		{6E096C9D-314B-4DC3-ABC2-F65D7FAF4499}.Release|Any CPU.ActiveCfg = Release|Any CPU
		{6E096C9D-314B-4DC3-ABC2-F65D7FAF4499}.Release|Any CPU.Build.0 = Release|Any CPU
		{F376368F-E8C3-448A-A998-DB36DAE8CF73}.Debug|Any CPU.ActiveCfg = Debug|Any CPU
		{F376368F-E8C3-448A-A998-DB36DAE8CF73}.Debug|Any CPU.Build.0 = Debug|Any CPU
		{F376368F-E8C3-448A-A998-DB36DAE8CF73}.Release|Any CPU.ActiveCfg = Release|Any CPU
		{F376368F-E8C3-448A-A998-DB36DAE8CF73}.Release|Any CPU.Build.0 = Release|Any CPU
	EndGlobalSection
	GlobalSection(SolutionProperties) = preSolution
		HideSolutionNode = FALSE
	EndGlobalSection
EndGlobal
